
Microsoft Visual Studio Solution File, Format Version 12.00
# Visual Studio Version 16
VisualStudioVersion = 16.0.29920.165
MinimumVisualStudioVersion = 10.0.40219.1
Project("{FAE04EC0-301F-11D3-BF4B-00C04F79EFBC}") = "tut13", "tut13.csproj", "{50DB5C53-4E86-4DE7-9128-7331DE45DC4D}"
EndProject
Global
	GlobalSection(SolutionConfigurationPlatforms) = preSolution
		Debug|Any CPU = Debug|Any CPU
		Release|Any CPU = Release|Any CPU
	EndGlobalSection
	GlobalSection(ProjectConfigurationPlatforms) = postSolution
		{50DB5C53-4E86-4DE7-9128-7331DE45DC4D}.Debug|Any CPU.ActiveCfg = Debug|Any CPU
		{50DB5C53-4E86-4DE7-9128-7331DE45DC4D}.Debug|Any CPU.Build.0 = Debug|Any CPU
		{50DB5C53-4E86-4DE7-9128-7331DE45DC4D}.Release|Any CPU.ActiveCfg = Release|Any CPU
		{50DB5C53-4E86-4DE7-9128-7331DE45DC4D}.Release|Any CPU.Build.0 = Release|Any CPU
	EndGlobalSection
	GlobalSection(SolutionProperties) = preSolution
		HideSolutionNode = FALSE
	EndGlobalSection
	GlobalSection(ExtensibilityGlobals) = postSolution
		SolutionGuid = {587B0E50-775F-4A7E-9194-7CA0C085B0EB}
	EndGlobalSection
EndGlobal
